
Microsoft Visual Studio Solution File, Format Version 12.00
# Visual Studio 15
VisualStudioVersion = 15.0.27004.2008
MinimumVisualStudioVersion = 10.0.40219.1
Project("{8BC9CEB8-8B4A-11D0-8D11-00A0C91BC942}") = "Fur Hair Renderer DIRECTX11", "Fur Hair Renderer DIRECTX11\Fur Hair Renderer DIRECTX11.vcxproj", "{96AA8A79-EC74-4C4D-93B9-45F59DBBE8DC}"
EndProject
Global
	GlobalSection(SolutionConfigurationPlatforms) = preSolution
		Debug|x64 = Debug|x64
		Debug|x86 = Debug|x86
		Release|x64 = Release|x64
		Release|x86 = Release|x86
	EndGlobalSection
	GlobalSection(ProjectConfigurationPlatforms) = postSolution
		{96AA8A79-EC74-4C4D-93B9-45F59DBBE8DC}.Debug|x64.ActiveCfg = Debug|x64
		{96AA8A79-EC74-4C4D-93B9-45F59DBBE8DC}.Debug|x64.Build.0 = Debug|x64
		{96AA8A79-EC74-4C4D-93B9-45F59DBBE8DC}.Debug|x86.ActiveCfg = Debug|Win32
		{96AA8A79-EC74-4C4D-93B9-45F59DBBE8DC}.Debug|x86.Build.0 = Debug|Win32
		{96AA8A79-EC74-4C4D-93B9-45F59DBBE8DC}.Release|x64.ActiveCfg = Release|x64
		{96AA8A79-EC74-4C4D-93B9-45F59DBBE8DC}.Release|x64.Build.0 = Release|x64
		{96AA8A79-EC74-4C4D-93B9-45F59DBBE8DC}.Release|x86.ActiveCfg = Release|Win32
		{96AA8A79-EC74-4C4D-93B9-45F59DBBE8DC}.Release|x86.Build.0 = Release|Win32
	EndGlobalSection
	GlobalSection(SolutionProperties) = preSolution
		HideSolutionNode = FALSE
	EndGlobalSection
	GlobalSection(ExtensibilityGlobals) = postSolution
		SolutionGuid = {5FD82E84-55A7-4C6F-BC25-298E00169BBC}
	EndGlobalSection
EndGlobal
